lockfileVersion: '9.0'

settings:
  autoInstallPeers: true
  excludeLinksFromLockfile: false

importers:

  .:
    dependencies:
      posthog-js:
        specifier: ^1.255.1
        version: 1.255.1

packages:

  core-js@3.43.0:
    resolution: {integrity: sha512-N6wEbTTZSYOY2rYAn85CuvWWkCK6QweMn7/4Nr3w+gDBeBhk/x4EJeY6FPo4QzDoJZxVTv8U7CMvgWk6pOHHqA==}

  fflate@0.4.8:
    resolution: {integrity: sha512-FJqqoDBR00Mdj9ppamLa/Y7vxm+PRmNWA67N846RvsoYVMKB4q3y/de5PA7gUmRMYK/8CMz2GDZQmCRN1wBcWA==}

  posthog-js@1.255.1:
    resolution: {integrity: sha512-KMh0o9MhORhEZVjXpktXB5rJ8PfDk+poqBoTSoLzWgNjhJf6D8jcyB9jUMA6vVPfn4YeepVX5NuclDRqOwr5Mw==}
    peerDependencies:
      '@rrweb/types': 2.0.0-alpha.17
      rrweb-snapshot: 2.0.0-alpha.17
    peerDependenciesMeta:
      '@rrweb/types':
        optional: true
      rrweb-snapshot:
        optional: true

  preact@10.26.9:
    resolution: {integrity: sha512-SSjF9vcnF27mJK1XyFMNJzFd5u3pQiATFqoaDy03XuN00u4ziveVVEGt5RKJrDR8MHE/wJo9Nnad56RLzS2RMA==}

  web-vitals@4.2.4:
    resolution: {integrity: sha512-r4DIlprAGwJ7YM11VZp4R884m0Vmgr6EAKe3P+kO0PPj3Unqyvv59rczf6UiGcb9Z8QxZVcqKNwv/g0WNdWwsw==}

snapshots:

  core-js@3.43.0: {}

  fflate@0.4.8: {}

  posthog-js@1.255.1:
    dependencies:
      core-js: 3.43.0
      fflate: 0.4.8
      preact: 10.26.9
      web-vitals: 4.2.4

  preact@10.26.9: {}

  web-vitals@4.2.4: {}
